
Microsoft Visual Studio Solution File, Format Version 12.00
# Visual Studio Version 16
VisualStudioVersion = 16.0.30330.147
MinimumVisualStudioVersion = 10.0.40219.1
Project("{FAE04EC0-301F-11D3-BF4B-00C04F79EFBC}") = "checkerCS", "checkerCS\checkerCS.csproj", "{0CB8FBFD-5C9F-4249-86ED-594A41E43AB6}"
EndProject
Global
	GlobalSection(SolutionConfigurationPlatforms) = preSolution
		Debug|Any CPU = Debug|Any CPU
		Release|Any CPU = Release|Any CPU
	EndGlobalSection
	GlobalSection(ProjectConfigurationPlatforms) = postSolution
		{0CB8FBFD-5C9F-4249-86ED-594A41E43AB6}.Debug|Any CPU.ActiveCfg = Debug|Any CPU
		{0CB8FBFD-5C9F-4249-86ED-594A41E43AB6}.Debug|Any CPU.Build.0 = Debug|Any CPU
		{0CB8FBFD-5C9F-4249-86ED-594A41E43AB6}.Release|Any CPU.ActiveCfg = Release|Any CPU
		{0CB8FBFD-5C9F-4249-86ED-594A41E43AB6}.Release|Any CPU.Build.0 = Release|Any CPU
	EndGlobalSection
	GlobalSection(SolutionProperties) = preSolution
		HideSolutionNode = FALSE
	EndGlobalSection
	GlobalSection(ExtensibilityGlobals) = postSolution
		SolutionGuid = {EFDF9315-1198-46FA-A903-E139BCB0886F}
	EndGlobalSection
EndGlobal
